
Microsoft Visual Studio Solution File, Format Version 12.00
# Visual Studio 15
VisualStudioVersion = 15.0.28010.2046
MinimumVisualStudioVersion = 10.0.40219.1
Project("{FAE04EC0-301F-11D3-BF4B-00C04F79EFBC}") = "Bot", "bot\Bot.csproj", "{246A367D-A82E-4B75-9724-5D957E9342F0}"
EndProject
Global
	GlobalSection(SolutionConfigurationPlatforms) = preSolution
		Debug|Any CPU = Debug|Any CPU
		Release|Any CPU = Release|Any CPU
	EndGlobalSection
	GlobalSection(ProjectConfigurationPlatforms) = postSolution
		{246A367D-A82E-4B75-9724-5D957E9342F0}.Debug|Any CPU.ActiveCfg = Debug|Any CPU
		{246A367D-A82E-4B75-9724-5D957E9342F0}.Debug|Any CPU.Build.0 = Debug|Any CPU
		{246A367D-A82E-4B75-9724-5D957E9342F0}.Release|Any CPU.ActiveCfg = Release|Any CPU
		{246A367D-A82E-4B75-9724-5D957E9342F0}.Release|Any CPU.Build.0 = Release|Any CPU
	EndGlobalSection
	GlobalSection(SolutionProperties) = preSolution
		HideSolutionNode = FALSE
	EndGlobalSection
	GlobalSection(ExtensibilityGlobals) = postSolution
		SolutionGuid = {86C50114-FE2B-4306-825D-3958BD267D82}
	EndGlobalSection
EndGlobal
